PODS:
  - HKUIViewLengthCalculationBasis (1.0.0)
  - HKUIViewUtilities (1.0.0)

DEPENDENCIES:
  - HKUIViewLengthCalculationBasis (~> 1.0.0)
  - HKUIViewUtilities (~> 1.0.0)

SPEC REPOS:
  trunk:
    - HKUIViewLengthCalculationBasis
    - HKUIViewUtilities

SPEC CHECKSUMS:
  HKUIViewLengthCalculationBasis: b4b1b13e203ae0aa303b109b22416601ca1fc687
  HKUIViewUtilities: fde58cfef72c916510ed32d6622d587ed79992d3

PODFILE CHECKSUM: 392b83fd726aed820b5ee44d289446567562e8d2

COCOAPODS: 1.8.4
